// !$*UTF8*$!
{
	archiveVersion = 1;
	classes = {
	};
	objectVersion = 56;
	objects = {

/* Begin PBXBuildFile section */
		43AC6E5229BB34F800B0D259 /* simpleLoginIOSApp.swift in Sources */ = {isa = PBXBuildFile; fileRef = 43AC6E5129BB34F800B0D259 /* simpleLoginIOSApp.swift */; };
		43AC6E5429BB34F800B0D259 /* ContentView.swift in Sources */ = {isa = PBXBuildFile; fileRef = 43AC6E5329BB34F800B0D259 /* ContentView.swift */; };
		43AC6E5629BB34F900B0D259 /* Assets.xcassets in Resources */ = {isa = PBXBuildFile; fileRef = 43AC6E5529BB34F900B0D259 /* Assets.xcassets */; };
		43AC6E5929BB34F900B0D259 /* Preview Assets.xcassets in Resources */ = {isa = PBXBuildFile; fileRef = 43AC6E5829BB34F900B0D259 /* Preview Assets.xcassets */; };
		43AC6E6329BB34F900B0D259 /* simpleLoginIOSTests.swift in Sources */ = {isa = PBXBuildFile; fileRef = 43AC6E6229BB34F900B0D259 /* simpleLoginIOSTests.swift */; };
		43AC6E6D29BB34F900B0D259 /* simpleLoginIOSUITests.swift in Sources */ = {isa = PBXBuildFile; fileRef = 43AC6E6C29BB34F900B0D259 /* simpleLoginIOSUITests.swift */; };
		43AC6E6F29BB34F900B0D259 /* simpleLoginIOSUITestsLaunchTests.swift in Sources */ = {isa = PBXBuildFile; fileRef = 43AC6E6E29BB34F900B0D259 /* simpleLoginIOSUITestsLaunchTests.swift */; };
/* End PBXBuildFile section */

/* Begin PBXContainerItemProxy section */
		43AC6E5F29BB34F900B0D259 /* PBXContainerItemProxy */ = {
			isa = PBXContainerItemProxy;
			containerPortal = 43AC6E4629BB34F800B0D259 /* Project object */;
			proxyType = 1;
			remoteGlobalIDString = 43AC6E4D29BB34F800B0D259;
			remoteInfo = simpleLoginIOS;
		};
		43AC6E6929BB34F900B0D259 /* PBXContainerItemProxy */ = {
			isa = PBXContainerItemProxy;
			containerPortal = 43AC6E4629BB34F800B0D259 /* Project object */;
			proxyType = 1;
			remoteGlobalIDString = 43AC6E4D29BB34F800B0D259;
			remoteInfo = simpleLoginIOS;
		};
/* End PBXContainerItemProxy section */

/* Begin PBXFileReference section */
		43AC6E4E29BB34F800B0D259 /* simpleLoginIOS.app */ = {isa = PBXFileReference; explicitFileType = wrapper.application; includeInIndex = 0; path = simpleLoginIOS.app; sourceTree = BUILT_PRODUCTS_DIR; };
		43AC6E5129BB34F800B0D259 /* simpleLoginIOSApp.swift */ = {isa = PBXFileReference; lastKnownFileType = sourcecode.swift; path = simpleLoginIOSApp.swift; sourceTree = "<group>"; };
		43AC6E5329BB34F800B0D259 /* ContentView.swift */ = {isa = PBXFileReference; lastKnownFileType = sourcecode.swift; path = ContentView.swift; sourceTree = "<group>"; };
		43AC6E5529BB34F900B0D259 /* Assets.xcassets */ = {isa = PBXFileReference; lastKnownFileType = folder.assetcatalog; path = Assets.xcassets; sourceTree = "<group>"; };
		43AC6E5829BB34F900B0D259 /* Preview Assets.xcassets */ = {isa = PBXFileReference; lastKnownFileType = folder.assetcatalog; path = "Preview Assets.xcassets"; sourceTree = "<group>"; };
		43AC6E5E29BB34F900B0D259 /* simpleLoginIOSTests.xctest */ = {isa = PBXFileReference; explicitFileType = wrapper.cfbundle; includeInIndex = 0; path = simpleLoginIOSTests.xctest; sourceTree = BUILT_PRODUCTS_DIR; };
		43AC6E6229BB34F900B0D259 /* simpleLoginIOSTests.swift */ = {isa = PBXFileReference; lastKnownFileType = sourcecode.swift; path = simpleLoginIOSTests.swift; sourceTree = "<group>"; };
		43AC6E6829BB34F900B0D259 /* simpleLoginIOSUITests.xctest */ = {isa = PBXFileReference; explicitFileType = wrapper.cfbundle; includeInIndex = 0; path = simpleLoginIOSUITests.xctest; sourceTree = BUILT_PRODUCTS_DIR; };
		43AC6E6C29BB34F900B0D259 /* simpleLoginIOSUITests.swift */ = {isa = PBXFileReference; lastKnownFileType = sourcecode.swift; path = simpleLoginIOSUITests.swift; sourceTree = "<group>"; };
		43AC6E6E29BB34F900B0D259 /* simpleLoginIOSUITestsLaunchTests.swift */ = {isa = PBXFileReference; lastKnownFileType = sourcecode.swift; path = simpleLoginIOSUITestsLaunchTests.swift; sourceTree = "<group>"; };
/* End PBXFileReference section */

/* Begin PBXFrameworksBuildPhase section */
		43AC6E4B29BB34F800B0D259 /* Frameworks */ = {
			isa = PBXFrameworksBuildPhase;
			buildActionMask = 2147483647;
			files = (
			);
			runOnlyForDeploymentPostprocessing = 0;
		};
		43AC6E5B29BB34F900B0D259 /* Frameworks */ = {
			isa = PBXFrameworksBuildPhase;
			buildActionMask = 2147483647;
			files = (
			);
			runOnlyForDeploymentPostprocessing = 0;
		};
		43AC6E6529BB34F900B0D259 /* Frameworks */ = {
			isa = PBXFrameworksBuildPhase;
			buildActionMask = 2147483647;
			files = (
			);
			runOnlyForDeploymentPostprocessing = 0;
		};
/* End PBXFrameworksBuildPhase section */

/* Begin PBXGroup section */
		43AC6E4529BB34F800B0D259 = {
			isa = PBXGroup;
			children = (
				43AC6E5029BB34F800B0D259 /* simpleLoginIOS */,
				43AC6E6129BB34F900B0D259 /* simpleLoginIOSTests */,
				43AC6E6B29BB34F900B0D259 /* simpleLoginIOSUITests */,
				43AC6E4F29BB34F800B0D259 /* Products */,
			);
			sourceTree = "<group>";
		};
		43AC6E4F29BB34F800B0D259 /* Products */ = {
			isa = PBXGroup;
			children = (
				43AC6E4E29BB34F800B0D259 /* simpleLoginIOS.app */,
				43AC6E5E29BB34F900B0D259 /* simpleLoginIOSTests.xctest */,
				43AC6E6829BB34F900B0D259 /* simpleLoginIOSUITests.xctest */,
			);
			name = Products;
			sourceTree = "<group>";
		};
		43AC6E5029BB34F800B0D259 /* simpleLoginIOS */ = {
			isa = PBXGroup;
			children = (
				43AC6E5129BB34F800B0D259 /* simpleLoginIOSApp.swift */,
				43AC6E5329BB34F800B0D259 /* ContentView.swift */,
				43AC6E5529BB34F900B0D259 /* Assets.xcassets */,
				43AC6E5729BB34F900B0D259 /* Preview Content */,
			);
			path = simpleLoginIOS;
			sourceTree = "<group>";
		};
		43AC6E5729BB34F900B0D259 /* Preview Content */ = {
			isa = PBXGroup;
			children = (
				43AC6E5829BB34F900B0D259 /* Preview Assets.xcassets */,
			);
			path = "Preview Content";
			sourceTree = "<group>";
		};
		43AC6E6129BB34F900B0D259 /* simpleLoginIOSTests */ = {
			isa = PBXGroup;
			children = (
				43AC6E6229BB34F900B0D259 /* simpleLoginIOSTests.swift */,
			);
			path = simpleLoginIOSTests;
			sourceTree = "<group>";
		};
		43AC6E6B29BB34F900B0D259 /* simpleLoginIOSUITests */ = {
			isa = PBXGroup;
			children = (
				43AC6E6C29BB34F900B0D259 /* simpleLoginIOSUITests.swift */,
				43AC6E6E29BB34F900B0D259 /* simpleLoginIOSUITestsLaunchTests.swift */,
			);
			path = simpleLoginIOSUITests;
			sourceTree = "<group>";
		};
/* End PBXGroup section */

/* Begin PBXNativeTarget section */
		43AC6E4D29BB34F800B0D259 /* simpleLoginIOS */ = {
			isa = PBXNativeTarget;
			buildConfigurationList = 43AC6E7229BB34F900B0D259 /* Build configuration list for PBXNativeTarget "simpleLoginIOS" */;
			buildPhases = (
				43AC6E7B29BB35C400B0D259 /* Run Script */,
				43AC6E4A29BB34F800B0D259 /* Sources */,
				43AC6E4B29BB34F800B0D259 /* Frameworks */,
				43AC6E4C29BB34F800B0D259 /* Resources */,
			);
			buildRules = (
			);
			dependencies = (
			);
			name = simpleLoginIOS;
			productName = simpleLoginIOS;
			productReference = 43AC6E4E29BB34F800B0D259 /* simpleLoginIOS.app */;
			productType = "com.apple.product-type.application";
		};
		43AC6E5D29BB34F900B0D259 /* simpleLoginIOSTests */ = {
			isa = PBXNativeTarget;
			buildConfigurationList = 43AC6E7529BB34F900B0D259 /* Build configuration list for PBXNativeTarget "simpleLoginIOSTests" */;
			buildPhases = (
				43AC6E5A29BB34F900B0D259 /* Sources */,
				43AC6E5B29BB34F900B0D259 /* Frameworks */,
				43AC6E5C29BB34F900B0D259 /* Resources */,
			);
			buildRules = (
			);
			dependencies = (
				43AC6E6029BB34F900B0D259 /* PBXTargetDependency */,
			);
			name = simpleLoginIOSTests;
			productName = simpleLoginIOSTests;
			productReference = 43AC6E5E29BB34F900B0D259 /* simpleLoginIOSTests.xctest */;
			productType = "com.apple.product-type.bundle.unit-test";
		};
		43AC6E6729BB34F900B0D259 /* simpleLoginIOSUITests */ = {
			isa = PBXNativeTarget;
			buildConfigurationList = 43AC6E7829BB34F900B0D259 /* Build configuration list for PBXNativeTarget "simpleLoginIOSUITests" */;
			buildPhases = (
				43AC6E6429BB34F900B0D259 /* Sources */,
				43AC6E6529BB34F900B0D259 /* Frameworks */,
				43AC6E6629BB34F900B0D259 /* Resources */,
			);
			buildRules = (
			);
			dependencies = (
				43AC6E6A29BB34F900B0D259 /* PBXTargetDependency */,
			);
			name = simpleLoginIOSUITests;
			productName = simpleLoginIOSUITests;
			productReference = 43AC6E6829BB34F900B0D259 /* simpleLoginIOSUITests.xctest */;
			productType = "com.apple.product-type.bundle.ui-testing";
		};
/* End PBXNativeTarget section */

/* Begin PBXProject section */
		43AC6E4629BB34F800B0D259 /* Project object */ = {
			isa = PBXProject;
			attributes = {
				BuildIndependentTargetsInParallel = 1;
				LastSwiftUpdateCheck = 1420;
				LastUpgradeCheck = 1420;
				TargetAttributes = {
					43AC6E4D29BB34F800B0D259 = {
						CreatedOnToolsVersion = 14.2;
					};
					43AC6E5D29BB34F900B0D259 = {
						CreatedOnToolsVersion = 14.2;
						TestTargetID = 43AC6E4D29BB34F800B0D259;
					};
					43AC6E6729BB34F900B0D259 = {
						CreatedOnToolsVersion = 14.2;
						TestTargetID = 43AC6E4D29BB34F800B0D259;
					};
				};
			};
			buildConfigurationList = 43AC6E4929BB34F800B0D259 /* Build configuration list for PBXProject "simpleLoginIOS" */;
			compatibilityVersion = "Xcode 14.0";
			developmentRegion = en;
			hasScannedForEncodings = 0;
			knownRegions = (
				en,
				Base,
			);
			mainGroup = 43AC6E4529BB34F800B0D259;
			productRefGroup = 43AC6E4F29BB34F800B0D259 /* Products */;
			projectDirPath = "";
			projectRoot = "";
			targets = (
				43AC6E4D29BB34F800B0D259 /* simpleLoginIOS */,
				43AC6E5D29BB34F900B0D259 /* simpleLoginIOSTests */,
				43AC6E6729BB34F900B0D259 /* simpleLoginIOSUITests */,
			);
		};
/* End PBXProject section */

/* Begin PBXResourcesBuildPhase section */
		43AC6E4C29BB34F800B0D259 /* Resources */ = {
			isa = PBXResourcesBuildPhase;
			buildActionMask = 2147483647;
			files = (
				43AC6E5929BB34F900B0D259 /* Preview Assets.xcassets in Resources */,
				43AC6E5629BB34F900B0D259 /* Assets.xcassets in Resources */,
			);
			runOnlyForDeploymentPostprocessing = 0;
		};
		43AC6E5C29BB34F900B0D259 /* Resources */ = {
			isa = PBXResourcesBuildPhase;
			buildActionMask = 2147483647;
			files = (
			);
			runOnlyForDeploymentPostprocessing = 0;
		};
		43AC6E6629BB34F900B0D259 /* Resources */ = {
			isa = PBXResourcesBuildPhase;
			buildActionMask = 2147483647;
			files = (
			);
			runOnlyForDeploymentPostprocessing = 0;
		};
/* End PBXResourcesBuildPhase section */

/* Begin PBXShellScriptBuildPhase section */
		43AC6E7B29BB35C400B0D259 /* Run Script */ = {
			isa = PBXShellScriptBuildPhase;
			buildActionMask = 2147483647;
			files = (
			);
			inputFileListPaths = (
			);
			inputPaths = (
			);
			name = "Run Script";
			outputFileListPaths = (
			);
			outputPaths = (
			);
			runOnlyForDeploymentPostprocessing = 0;
			shellPath = /bin/sh;
			shellScript = "# Type a script or drag a script file from your workspace to insert its path.\ncd \"$SRCROOT/..\"\n./gradlew :shared:embedAndSignAppleFrameworkForXcode\n";
		};
/* End PBXShellScriptBuildPhase section */

/* Begin PBXSourcesBuildPhase section */
		43AC6E4A29BB34F800B0D259 /* Sources */ = {
			isa = PBXSourcesBuildPhase;
			buildActionMask = 2147483647;
			files = (
				43AC6E5429BB34F800B0D259 /* ContentView.swift in Sources */,
				43AC6E5229BB34F800B0D259 /* simpleLoginIOSApp.swift in Sources */,
			);
			runOnlyForDeploymentPostprocessing = 0;
		};
		43AC6E5A29BB34F900B0D259 /* Sources */ = {
			isa = PBXSourcesBuildPhase;
			buildActionMask = 2147483647;
			files = (
				43AC6E6329BB34F900B0D259 /* simpleLoginIOSTests.swift in Sources */,
			);
			runOnlyForDeploymentPostprocessing = 0;
		};
		43AC6E6429BB34F900B0D259 /* Sources */ = {
			isa = PBXSourcesBuildPhase;
			buildActionMask = 2147483647;
			files = (
				43AC6E6F29BB34F900B0D259 /* simpleLoginIOSUITestsLaunchTests.swift in Sources */,
				43AC6E6D29BB34F900B0D259 /* simpleLoginIOSUITests.swift in Sources */,
			);
			runOnlyForDeploymentPostprocessing = 0;
		};
/* End PBXSourcesBuildPhase section */

/* Begin PBXTargetDependency section */
		43AC6E6029BB34F900B0D259 /* PBXTargetDependency */ = {
			isa = PBXTargetDependency;
			target = 43AC6E4D29BB34F800B0D259 /* simpleLoginIOS */;
			targetProxy = 43AC6E5F29BB34F900B0D259 /* PBXContainerItemProxy */;
		};
		43AC6E6A29BB34F900B0D259 /* PBXTargetDependency */ = {
			isa = PBXTargetDependency;
			target = 43AC6E4D29BB34F800B0D259 /* simpleLoginIOS */;
			targetProxy = 43AC6E6929BB34F900B0D259 /* PBXContainerItemProxy */;
		};
/* End PBXTargetDependency section */

/* Begin XCBuildConfiguration section */
		43AC6E7029BB34F900B0D259 /* Debug */ = {
			isa = XCBuildConfiguration;
			buildSettings = {
				ALWAYS_SEARCH_USER_PATHS = NO;
				CLANG_ANALYZER_NONNULL = YES;
				CLANG_ANALYZER_NUMBER_OBJECT_CONVERSION = YES_AGGRESSIVE;
				CLANG_CXX_LANGUAGE_STANDARD = "gnu++20";
				CLANG_ENABLE_MODULES = YES;
				CLANG_ENABLE_OBJC_ARC = YES;
				CLANG_ENABLE_OBJC_WEAK = YES;
				CLANG_WARN_BLOCK_CAPTURE_AUTORELEASING = YES;
				CLANG_WARN_BOOL_CONVERSION = YES;
				CLANG_WARN_COMMA = YES;
				CLANG_WARN_CONSTANT_CONVERSION = YES;
				CLANG_WARN_DEPRECATED_OBJC_IMPLEMENTATIONS = YES;
				CLANG_WARN_DIRECT_OBJC_ISA_USAGE = YES_ERROR;
				CLANG_WARN_DOCUMENTATION_COMMENTS = YES;
				CLANG_WARN_EMPTY_BODY = YES;
				CLANG_WARN_ENUM_CONVERSION = YES;
				CLANG_WARN_INFINITE_RECURSION = YES;
				CLANG_WARN_INT_CONVERSION = YES;
				CLANG_WARN_NON_LITERAL_NULL_CONVERSION = YES;
				CLANG_WARN_OBJC_IMPLICIT_RETAIN_SELF = YES;
				CLANG_WARN_OBJC_LITERAL_CONVERSION = YES;
				CLANG_WARN_OBJC_ROOT_CLASS = YES_ERROR;
				CLANG_WARN_QUOTED_INCLUDE_IN_FRAMEWORK_HEADER = YES;
				CLANG_WARN_RANGE_LOOP_ANALYSIS = YES;
				CLANG_WARN_STRICT_PROTOTYPES = YES;
				CLANG_WARN_SUSPICIOUS_MOVE = YES;
				CLANG_WARN_UNGUARDED_AVAILABILITY = YES_AGGRESSIVE;
				CLANG_WARN_UNREACHABLE_CODE = YES;
				CLANG_WARN__DUPLICATE_METHOD_MATCH = YES;
				COPY_PHASE_STRIP = NO;
				DEBUG_INFORMATION_FORMAT = dwarf;
				ENABLE_STRICT_OBJC_MSGSEND = YES;
				ENABLE_TESTABILITY = YES;
				GCC_C_LANGUAGE_STANDARD = gnu11;
				GCC_DYNAMIC_NO_PIC = NO;
				GCC_NO_COMMON_BLOCKS = YES;
				GCC_OPTIMIZATION_LEVEL = 0;
				GCC_PREPROCESSOR_DEFINITIONS = (
					"DEBUG=1",
					"$(inherited)",
				);
				GCC_WARN_64_TO_32_BIT_CONVERSION = YES;
				GCC_WARN_ABOUT_RETURN_TYPE = YES_ERROR;
				GCC_WARN_UNDECLARED_SELECTOR = YES;
				GCC_WARN_UNINITIALIZED_AUTOS = YES_AGGRESSIVE;
				GCC_WARN_UNUSED_FUNCTION = YES;
				GCC_WARN_UNUSED_VARIABLE = YES;
				IPHONEOS_DEPLOYMENT_TARGET = 16.2;
				MTL_ENABLE_DEBUG_INFO = INCLUDE_SOURCE;
				MTL_FAST_MATH = YES;
				ONLY_ACTIVE_ARCH = YES;
				SDKROOT = iphoneos;
				SWIFT_ACTIVE_COMPILATION_CONDITIONS = DEBUG;
				SWIFT_OPTIMIZATION_LEVEL = "-Onone";
			};
			name = Debug;
		};
		43AC6E7129BB34F900B0D259 /* Release */ = {
			isa = XCBuildConfiguration;
			buildSettings = {
				ALWAYS_SEARCH_USER_PATHS = NO;
				CLANG_ANALYZER_NONNULL = YES;
				CLANG_ANALYZER_NUMBER_OBJECT_CONVERSION = YES_AGGRESSIVE;
				CLANG_CXX_LANGUAGE_STANDARD = "gnu++20";
				CLANG_ENABLE_MODULES = YES;
				CLANG_ENABLE_OBJC_ARC = YES;
				CLANG_ENABLE_OBJC_WEAK = YES;
				CLANG_WARN_BLOCK_CAPTURE_AUTORELEASING = YES;
				CLANG_WARN_BOOL_CONVERSION = YES;
				CLANG_WARN_COMMA = YES;
				CLANG_WARN_CONSTANT_CONVERSION = YES;
				CLANG_WARN_DEPRECATED_OBJC_IMPLEMENTATIONS = YES;
				CLANG_WARN_DIRECT_OBJC_ISA_USAGE = YES_ERROR;
				CLANG_WARN_DOCUMENTATION_COMMENTS = YES;
				CLANG_WARN_EMPTY_BODY = YES;
				CLANG_WARN_ENUM_CONVERSION = YES;
				CLANG_WARN_INFINITE_RECURSION = YES;
				CLANG_WARN_INT_CONVERSION = YES;
				CLANG_WARN_NON_LITERAL_NULL_CONVERSION = YES;
				CLANG_WARN_OBJC_IMPLICIT_RETAIN_SELF = YES;
				CLANG_WARN_OBJC_LITERAL_CONVERSION = YES;
				CLANG_WARN_OBJC_ROOT_CLASS = YES_ERROR;
				CLANG_WARN_QUOTED_INCLUDE_IN_FRAMEWORK_HEADER = YES;
				CLANG_WARN_RANGE_LOOP_ANALYSIS = YES;
				CLANG_WARN_STRICT_PROTOTYPES = YES;
				CLANG_WARN_SUSPICIOUS_MOVE = YES;
				CLANG_WARN_UNGUARDED_AVAILABILITY = YES_AGGRESSIVE;
				CLANG_WARN_UNREACHABLE_CODE = YES;
				CLANG_WARN__DUPLICATE_METHOD_MATCH = YES;
				COPY_PHASE_STRIP = NO;
				DEBUG_INFORMATION_FORMAT = "dwarf-with-dsym";
				ENABLE_NS_ASSERTIONS = NO;
				ENABLE_STRICT_OBJC_MSGSEND = YES;
				GCC_C_LANGUAGE_STANDARD = gnu11;
				GCC_NO_COMMON_BLOCKS = YES;
				GCC_WARN_64_TO_32_BIT_CONVERSION = YES;
				GCC_WARN_ABOUT_RETURN_TYPE = YES_ERROR;
				GCC_WARN_UNDECLARED_SELECTOR = YES;
				GCC_WARN_UNINITIALIZED_AUTOS = YES_AGGRESSIVE;
				GCC_WARN_UNUSED_FUNCTION = YES;
				GCC_WARN_UNUSED_VARIABLE = YES;
				IPHONEOS_DEPLOYMENT_TARGET = 16.2;
				MTL_ENABLE_DEBUG_INFO = NO;
				MTL_FAST_MATH = YES;
				SDKROOT = iphoneos;
				SWIFT_COMPILATION_MODE = wholemodule;
				SWIFT_OPTIMIZATION_LEVEL = "-O";
				VALIDATE_PRODUCT = YES;
			};
			name = Release;
		};
		43AC6E7329BB34F900B0D259 /* Debug */ = {
			isa = XCBuildConfiguration;
			buildSettings = {
				ASSETCATALOG_COMPILER_APPICON_NAME = AppIcon;
				ASSETCATALOG_COMPILER_GLOBAL_ACCENT_COLOR_NAME = AccentColor;
				CODE_SIGN_STYLE = Automatic;
				CURRENT_PROJECT_VERSION = 1;
				DEVELOPMENT_ASSET_PATHS = "\"simpleLoginIOS/Preview Content\"";
				DEVELOPMENT_TEAM = 2M67457SN2;
				ENABLE_PREVIEWS = YES;
				FRAMEWORK_SEARCH_PATHS = "$(SRCROOT)/../shared/build/xcode-frameworks/$(CONFIGURATION)/$(SDK_NAME)";
				GENERATE_INFOPLIST_FILE = YES;
				INFOPLIST_KEY_UIApplicationSceneManifest_Generation = YES;
				INFOPLIST_KEY_UIApplicationSupportsIndirectInputEvents = YES;
				INFOPLIST_KEY_UILaunchScreen_Generation = YES;
				INFOPLIST_KEY_UISupportedInterfaceOrientations_iPad = "UIInterfaceOrientationPortrait UIInterfaceOrientationPortraitUpsideDown UIInterfaceOrientationLandscapeLeft UIInterfaceOrientationLandscapeRight";
				INFOPLIST_KEY_UISupportedInterfaceOrientations_iPhone = "UIInterfaceOrientationPortrait UIInterfaceOrientationLandscapeLeft UIInterfaceOrientationLandscapeRight";
				LD_RUNPATH_SEARCH_PATHS = (
					"$(inherited)",
					"@executable_path/Frameworks",
				);
				MARKETING_VERSION = 1.0;
				OTHER_LDFLAGS = (
					"$(inherited)",
					"-framework",
					shared,
				);
				PRODUCT_BUNDLE_IDENTIFIER = com.jetbrains.simpleLoginIOS;
				PRODUCT_NAME = "$(TARGET_NAME)";
				SWIFT_EMIT_LOC_STRINGS = YES;
				SWIFT_VERSION = 5.0;
				TARGETED_DEVICE_FAMILY = "1,2";
			};
			name = Debug;
		};
		43AC6E7429BB34F900B0D259 /* Release */ = {
			isa = XCBuildConfiguration;
			buildSettings = {
				ASSETCATALOG_COMPILER_APPICON_NAME = AppIcon;
				ASSETCATALOG_COMPILER_GLOBAL_ACCENT_COLOR_NAME = AccentColor;
				CODE_SIGN_STYLE = Automatic;
				CURRENT_PROJECT_VERSION = 1;
				DEVELOPMENT_ASSET_PATHS = "\"simpleLoginIOS/Preview Content\"";
				DEVELOPMENT_TEAM = 2M67457SN2;
				ENABLE_PREVIEWS = YES;
				FRAMEWORK_SEARCH_PATHS = "$(SRCROOT)/../shared/build/xcode-frameworks/$(CONFIGURATION)/$(SDK_NAME)";
				GENERATE_INFOPLIST_FILE = YES;
				INFOPLIST_KEY_UIApplicationSceneManifest_Generation = YES;
				INFOPLIST_KEY_UIApplicationSupportsIndirectInputEvents = YES;
				INFOPLIST_KEY_UILaunchScreen_Generation = YES;
				INFOPLIST_KEY_UISupportedInterfaceOrientations_iPad = "UIInterfaceOrientationPortrait UIInterfaceOrientationPortraitUpsideDown UIInterfaceOrientationLandscapeLeft UIInterfaceOrientationLandscapeRight";
				INFOPLIST_KEY_UISupportedInterfaceOrientations_iPhone = "UIInterfaceOrientationPortrait UIInterfaceOrientationLandscapeLeft UIInterfaceOrientationLandscapeRight";
				LD_RUNPATH_SEARCH_PATHS = (
					"$(inherited)",
					"@executable_path/Frameworks",
				);
				MARKETING_VERSION = 1.0;
				OTHER_LDFLAGS = (
					"$(inherited)",
					"-framework",
					shared,
				);
				PRODUCT_BUNDLE_IDENTIFIER = com.jetbrains.simpleLoginIOS;
				PRODUCT_NAME = "$(TARGET_NAME)";
				SWIFT_EMIT_LOC_STRINGS = YES;
				SWIFT_VERSION = 5.0;
				TARGETED_DEVICE_FAMILY = "1,2";
			};
			name = Release;
		};
		43AC6E7629BB34F900B0D259 /* Debug */ = {
			isa = XCBuildConfiguration;
			buildSettings = {
				ALWAYS_EMBED_SWIFT_STANDARD_LIBRARIES = YES;
				BUNDLE_LOADER = "$(TEST_HOST)";
				CODE_SIGN_STYLE = Automatic;
				CURRENT_PROJECT_VERSION = 1;
				DEVELOPMENT_TEAM = 2M67457SN2;
				GENERATE_INFOPLIST_FILE = YES;
				IPHONEOS_DEPLOYMENT_TARGET = 16.2;
				MARKETING_VERSION = 1.0;
				PRODUCT_BUNDLE_IDENTIFIER = com.jetbrains.simpleLoginIOSTests;
				PRODUCT_NAME = "$(TARGET_NAME)";
				SWIFT_EMIT_LOC_STRINGS = NO;
				SWIFT_VERSION = 5.0;
				TARGETED_DEVICE_FAMILY = "1,2";
				TEST_HOST = "$(BUILT_PRODUCTS_DIR)/simpleLoginIOS.app/$(BUNDLE_EXECUTABLE_FOLDER_PATH)/simpleLoginIOS";
			};
			name = Debug;
		};
		43AC6E7729BB34F900B0D259 /* Release */ = {
			isa = XCBuildConfiguration;
			buildSettings = {
				ALWAYS_EMBED_SWIFT_STANDARD_LIBRARIES = YES;
				BUNDLE_LOADER = "$(TEST_HOST)";
				CODE_SIGN_STYLE = Automatic;
				CURRENT_PROJECT_VERSION = 1;
				DEVELOPMENT_TEAM = 2M67457SN2;
				GENERATE_INFOPLIST_FILE = YES;
				IPHONEOS_DEPLOYMENT_TARGET = 16.2;
				MARKETING_VERSION = 1.0;
				PRODUCT_BUNDLE_IDENTIFIER = com.jetbrains.simpleLoginIOSTests;
				PRODUCT_NAME = "$(TARGET_NAME)";
				SWIFT_EMIT_LOC_STRINGS = NO;
				SWIFT_VERSION = 5.0;
				TARGETED_DEVICE_FAMILY = "1,2";
				TEST_HOST = "$(BUILT_PRODUCTS_DIR)/simpleLoginIOS.app/$(BUNDLE_EXECUTABLE_FOLDER_PATH)/simpleLoginIOS";
			};
			name = Release;
		};
		43AC6E7929BB34F900B0D259 /* Debug */ = {
			isa = XCBuildConfiguration;
			buildSettings = {
				ALWAYS_EMBED_SWIFT_STANDARD_LIBRARIES = YES;
				CODE_SIGN_STYLE = Automatic;
				CURRENT_PROJECT_VERSION = 1;
				DEVELOPMENT_TEAM = 2M67457SN2;
				GENERATE_INFOPLIST_FILE = YES;
				MARKETING_VERSION = 1.0;
				PRODUCT_BUNDLE_IDENTIFIER = com.jetbrains.simpleLoginIOSUITests;
				PRODUCT_NAME = "$(TARGET_NAME)";
				SWIFT_EMIT_LOC_STRINGS = NO;
				SWIFT_VERSION = 5.0;
				TARGETED_DEVICE_FAMILY = "1,2";
				TEST_TARGET_NAME = simpleLoginIOS;
			};
			name = Debug;
		};
		43AC6E7A29BB34F900B0D259 /* Release */ = {
			isa = XCBuildConfiguration;
			buildSettings = {
				ALWAYS_EMBED_SWIFT_STANDARD_LIBRARIES = YES;
				CODE_SIGN_STYLE = Automatic;
				CURRENT_PROJECT_VERSION = 1;
				DEVELOPMENT_TEAM = 2M67457SN2;
				GENERATE_INFOPLIST_FILE = YES;
				MARKETING_VERSION = 1.0;
				PRODUCT_BUNDLE_IDENTIFIER = com.jetbrains.simpleLoginIOSUITests;
				PRODUCT_NAME = "$(TARGET_NAME)";
				SWIFT_EMIT_LOC_STRINGS = NO;
				SWIFT_VERSION = 5.0;
				TARGETED_DEVICE_FAMILY = "1,2";
				TEST_TARGET_NAME = simpleLoginIOS;
			};
			name = Release;
		};
/* End XCBuildConfiguration section */

/* Begin XCConfigurationList section */
		43AC6E4929BB34F800B0D259 /* Build configuration list for PBXProject "simpleLoginIOS" */ = {
			isa = XCConfigurationList;
			buildConfigurations = (
				43AC6E7029BB34F900B0D259 /* Debug */,
				43AC6E7129BB34F900B0D259 /* Release */,
			);
			defaultConfigurationIsVisible = 0;
			defaultConfigurationName = Release;
		};
		43AC6E7229BB34F900B0D259 /* Build configuration list for PBXNativeTarget "simpleLoginIOS" */ = {
			isa = XCConfigurationList;
			buildConfigurations = (
				43AC6E7329BB34F900B0D259 /* Debug */,
				43AC6E7429BB34F900B0D259 /* Release */,
			);
			defaultConfigurationIsVisible = 0;
			defaultConfigurationName = Release;
		};
		43AC6E7529BB34F900B0D259 /* Build configuration list for PBXNativeTarget "simpleLoginIOSTests" */ = {
			isa = XCConfigurationList;
			buildConfigurations = (
				43AC6E7629BB34F900B0D259 /* Debug */,
				43AC6E7729BB34F900B0D259 /* Release */,
			);
			defaultConfigurationIsVisible = 0;
			defaultConfigurationName = Release;
		};
		43AC6E7829BB34F900B0D259 /* Build configuration list for PBXNativeTarget "simpleLoginIOSUITests" */ = {
			isa = XCConfigurationList;
			buildConfigurations = (
				43AC6E7929BB34F900B0D259 /* Debug */,
				43AC6E7A29BB34F900B0D259 /* Release */,
			);
			defaultConfigurationIsVisible = 0;
			defaultConfigurationName = Release;
		};
/* End XCConfigurationList section */
	};
	rootObject = 43AC6E4629BB34F800B0D259 /* Project object */;
}
